
Microsoft Visual Studio Solution File, Format Version 12.00
# Visual Studio Version 16
VisualStudioVersion = 16.0.31019.35
MinimumVisualStudioVersion = 10.0.40219.1
Project("{FAE04EC0-301F-11D3-BF4B-00C04F79EFBC}") = "Integral", "Integral\Integral.csproj", "{8F74CFFC-1277-4234-84EA-9288BB2E0BB4}"
EndProject
Global
	GlobalSection(SolutionConfigurationPlatforms) = preSolution
		Debug|Any CPU = Debug|Any CPU
		Release|Any CPU = Release|Any CPU
	EndGlobalSection
	GlobalSection(ProjectConfigurationPlatforms) = postSolution
		{8F74CFFC-1277-4234-84EA-9288BB2E0BB4}.Debug|Any CPU.ActiveCfg = Debug|Any CPU
		{8F74CFFC-1277-4234-84EA-9288BB2E0BB4}.Debug|Any CPU.Build.0 = Debug|Any CPU
		{8F74CFFC-1277-4234-84EA-9288BB2E0BB4}.Release|Any CPU.ActiveCfg = Release|Any CPU
		{8F74CFFC-1277-4234-84EA-9288BB2E0BB4}.Release|Any CPU.Build.0 = Release|Any CPU
	EndGlobalSection
	GlobalSection(SolutionProperties) = preSolution
		HideSolutionNode = FALSE
	EndGlobalSection
	GlobalSection(ExtensibilityGlobals) = postSolution
		SolutionGuid = {10454B14-FC7D-410B-83BF-EB86E76108FA}
	EndGlobalSection
EndGlobal
